{
  "requires": true,
  "lockfileVersion": 1,
  "dependencies": {
    "object-assign": {
      "version": "4.1.1",
      "resolved": "https://registry.npmjs.org/object-assign/-/object-assign-4.1.1.tgz",
      "integrity": "sha1-IQmtx5ZYh8/AXLvUQsrIv7s2CGM="
    },
    "octicons": {
      "version": "7.4.0",
      "resolved": "https://registry.npmjs.org/octicons/-/octicons-7.4.0.tgz",
      "integrity": "sha512-j53BDX+FpJ4DQwENARbk9hHkwG/Oaq5NPUMNzYdGxRA/R5M6BbPVQEakUVMNKLzvzPue/gEEUTtSj6utFse5QQ==",
      "requires": {
        "object-assign": "^4.1.1"
      }
    },
    "primer": {
      "version": "10.10.2",
      "resolved": "https://registry.npmjs.org/primer/-/primer-10.10.2.tgz",
      "integrity": "sha512-6umOOPjJO72/dO4FpX05lSQvyC71x1+/ruk/H1CSjih+oYRmYFMXjA8B4u/mt8+B+AwZPb9Mo9EP8KgohlMyww==",
      "requires": {
        "primer-alerts": "1.5.11",
        "primer-avatars": "1.5.8",
        "primer-base": "1.9.0",
        "primer-blankslate": "1.5.0",
        "primer-box": "2.5.11",
        "primer-branch-name": "1.0.9",
        "primer-breadcrumb": "1.5.7",
        "primer-buttons": "2.6.2",
        "primer-core": "6.10.6",
        "primer-forms": "2.1.6",
        "primer-labels": "1.5.11",
        "primer-layout": "1.6.0",
        "primer-markdown": "3.7.11",
        "primer-marketing": "6.3.1",
        "primer-marketing-buttons": "1.0.11",
        "primer-marketing-support": "1.5.4",
        "primer-marketing-type": "1.4.11",
        "primer-marketing-utilities": "1.7.1",
        "primer-navigation": "1.5.9",
        "primer-page-headers": "1.5.1",
        "primer-page-sections": "1.5.1",
        "primer-pagination": "1.0.5",
        "primer-popover": "0.1.6",
        "primer-product": "5.8.1",
        "primer-progress": "0.1.1",
        "primer-subhead": "1.0.9",
        "primer-support": "4.7.0",
        "primer-table-object": "1.4.11",
        "primer-tables": "1.5.1",
        "primer-tooltips": "1.5.9",
        "primer-truncate": "1.4.11",
        "primer-utilities": "4.14.1"
      }
    },
    "primer-alerts": {
      "version": "1.5.11",
      "resolved": "https://registry.npmjs.org/primer-alerts/-/primer-alerts-1.5.11.tgz",
      "integrity": "sha512-iFUIaP2G6B/Jeu+r0IH3YSDTRmyjdzC3N96X4B/clpGvkFoZRVNY75XHQDn7bzq4yPaarlBdksdBTIHXxVniiQ==",
      "requires": {
        "primer-support": "4.7.0"
      }
    },
    "primer-avatars": {
      "version": "1.5.8",
      "resolved": "https://registry.npmjs.org/primer-avatars/-/primer-avatars-1.5.8.tgz",
      "integrity": "sha512-0kGxl41jvklqsD/d1zsy7GjPEHVOyNqfpvZvuqhM7pabx75Yv2sbTByGXR4BNF2x5PWLas3pOiYe+XR92ZZPXw==",
      "requires": {
        "primer-support": "4.7.0"
      }
    },
    "primer-base": {
      "version": "1.9.0",
      "resolved": "https://registry.npmjs.org/primer-base/-/primer-base-1.9.0.tgz",
      "integrity": "sha512-orZavNrY0gsOidHLigMqay/D53pq8uKJD1NrN6LMuSkv0N89r7uBg1UYB4vBuzByTIpUHrjZwy6ZpxDjctQDew==",
      "requires": {
        "primer-support": "4.7.0"
      }
    },
    "primer-blankslate": {
      "version": "1.5.0",
      "resolved": "https://registry.npmjs.org/primer-blankslate/-/primer-blankslate-1.5.0.tgz",
      "integrity": "sha512-1shEmuqN5GpULHgZ+ROKNTojD5Zknr++nWccvDkNTGiQIvBy53KfGkPV7lSpT26Tvm0OxexZspq/GTbgD94ieA==",
      "requires": {
        "primer-support": "4.7.0"
      }
    },
    "primer-box": {
      "version": "2.5.11",
      "resolved": "https://registry.npmjs.org/primer-box/-/primer-box-2.5.11.tgz",
      "integrity": "sha512-jaXaznaISMXvj2iut7zUwDmwZDPos0lNesl9nLV3EOl5Q7EgpAgKRfpsgo5pVfnqTcc6QLYtv5ywx8OJ3J9GeA==",
      "requires": {
        "primer-support": "4.7.0"
      }
    },
    "primer-branch-name": {
      "version": "1.0.9",
      "resolved": "https://registry.npmjs.org/primer-branch-name/-/primer-branch-name-1.0.9.tgz",
      "integrity": "sha512-eGlQMBIYBYBgNv9640ZKToeMQZEbNyiVJICc/QLaEdd8BHrwARMk/juHv0bJeZo1ziYDtL6H7vm7eZsqArhB0g==",
      "requires": {
        "primer-support": "4.7.0"
      }
    },
    "primer-breadcrumb": {
      "version": "1.5.7",
      "resolved": "https://registry.npmjs.org/primer-breadcrumb/-/primer-breadcrumb-1.5.7.tgz",
      "integrity": "sha512-b+QouBgxZJ3WahSPI1w7j+FW5URr/7FNfSMXwi86D7p8xybidNogjGJZ60m++6c7GTj32THXArNjw0yHGkOUiw==",
      "requires": {
        "primer-support": "4.7.0"
      }
    },
    "primer-buttons": {
      "version": "2.6.2",
      "resolved": "https://registry.npmjs.org/primer-buttons/-/primer-buttons-2.6.2.tgz",
      "integrity": "sha512-qFwbJpCoWcdIXHLqo4lDut8Pm2VcoO6OGjmPaLvCX5zKhtUWqBtRkxiuvk8Kyd3unXaieM/cof9VXjCRpTTO5A==",
      "requires": {
        "primer-support": "4.7.0"
      }
    },
    "primer-core": {
      "version": "6.10.6",
      "resolved": "https://registry.npmjs.org/primer-core/-/primer-core-6.10.6.tgz",
      "integrity": "sha512-UxJ5RltVsSwbjUxmDwF00e/dJQUUSC4EdwKtTs24BM/f28s/X84OWSFP7lQ1qY73+jbEjvdBIBsaQ5P8QyT2Wg==",
      "requires": {
        "primer-base": "1.9.0",
        "primer-box": "2.5.11",
        "primer-breadcrumb": "1.5.7",
        "primer-buttons": "2.6.2",
        "primer-forms": "2.1.6",
        "primer-layout": "1.6.0",
        "primer-navigation": "1.5.9",
        "primer-pagination": "1.0.5",
        "primer-support": "4.7.0",
        "primer-table-object": "1.4.11",
        "primer-tooltips": "1.5.9",
        "primer-truncate": "1.4.11",
        "primer-utilities": "4.14.1"
      }
    },
    "primer-forms": {
      "version": "2.1.6",
      "resolved": "https://registry.npmjs.org/primer-forms/-/primer-forms-2.1.6.tgz",
      "integrity": "sha512-s0ggx0KNIYQCCuiWNJ/OcWAXHIucjbqZKkUS3IqEQH+/MlUTM31N/gRc5c4bPkZZPCOvroORc5qs5z2z5sMjGg==",
      "requires": {
        "primer-support": "4.7.0"
      }
    },
    "primer-labels": {
      "version": "1.5.11",
      "resolved": "https://registry.npmjs.org/primer-labels/-/primer-labels-1.5.11.tgz",
      "integrity": "sha512-6tw/due1/kPlGX48I77lotUoS9Vw0FHz2IGYji5R0lsOWwNFokfDaMjbuoELqfVxz0LH6lBYjPdq0T9dl5Pcvg==",
      "requires": {
        "primer-support": "4.7.0"
      }
    },
    "primer-layout": {
      "version": "1.6.0",
      "resolved": "https://registry.npmjs.org/primer-layout/-/primer-layout-1.6.0.tgz",
      "integrity": "sha512-bBFeldvqbfVQ4Vb7u3nB6U6rg+39lft7OM89H9zt7dHHxwfxcVewbTHNIfJkfIvG3kcpcwNSJWKcrWFjPW3uqg==",
      "requires": {
        "primer-support": "4.7.0"
      }
    },
    "primer-markdown": {
      "version": "3.7.11",
      "resolved": "https://registry.npmjs.org/primer-markdown/-/primer-markdown-3.7.11.tgz",
      "integrity": "sha512-nwL1nWOx9gelQ8v5okFrBO9Izxa059TlPQBtdFVGJXyEnSbk+3PGyHgNEYFL7RAlOUykMXBzYy+zTSw9dGpkAg==",
      "requires": {
        "primer-support": "4.7.0"
      }
    },
    "primer-marketing": {
      "version": "6.3.1",
      "resolved": "https://registry.npmjs.org/primer-marketing/-/primer-marketing-6.3.1.tgz",
      "integrity": "sha512-day7yXV5wPlgmkHO4QoFxYqY7OBMLI8LZrdSzI45vL2ifDJPihl1PhFNd1xuqAqBCOsgppHJttMrRXrb5ph4tQ==",
      "requires": {
        "primer-marketing-buttons": "1.0.11",
        "primer-marketing-support": "1.5.4",
        "primer-marketing-type": "1.4.11",
        "primer-marketing-utilities": "1.7.1",
        "primer-page-headers": "1.5.1",
        "primer-page-sections": "1.5.1",
        "primer-support": "4.7.0",
        "primer-tables": "1.5.1"
      }
    },
    "primer-marketing-buttons": {
      "version": "1.0.11",
      "resolved": "https://registry.npmjs.org/primer-marketing-buttons/-/primer-marketing-buttons-1.0.11.tgz",
      "integrity": "sha512-N2bbkDqMr22npzGMLLEb2IDspMbA8uPr20aDMlckX7odNv/ASwTp5nhOofTjRfOFVne8WGLlJbdrjHWRExjLUQ==",
      "requires": {
        "primer-support": "4.7.0"
      }
    },
    "primer-marketing-support": {
      "version": "1.5.4",
      "resolved": "https://registry.npmjs.org/primer-marketing-support/-/primer-marketing-support-1.5.4.tgz",
      "integrity": "sha512-UQEAlPTQG2Z3gV0yneWRgVA15FB7MgQCylBReHICAp9cb3Fdny1aFoblt3qAWUvaas6LIZOwZF+hu9hxMNiJ1A=="
    },
    "primer-marketing-type": {
      "version": "1.4.11",
      "resolved": "https://registry.npmjs.org/primer-marketing-type/-/primer-marketing-type-1.4.11.tgz",
      "integrity": "sha512-7raZJCFcCrwHNk33i1i1UyEAcUXzBjFQ7TPwAYMCyS96+y1O/8kvOWjcIsnKzcl9qPzt5qgoPvRPBaGP2eB9lg==",
      "requires": {
        "primer-marketing-support": "1.5.4",
        "primer-support": "4.7.0"
      }
    },
    "primer-marketing-utilities": {
      "version": "1.7.1",
      "resolved": "https://registry.npmjs.org/primer-marketing-utilities/-/primer-marketing-utilities-1.7.1.tgz",
      "integrity": "sha512-RDwSXgeYW5awOhS77zdnCPEq8DOEoNXUzP9uh0TluplNbC9Dwv1DZuX/6kPy/2ChFA88qS7dAXMB3PSZu7Di5g==",
      "requires": {
        "primer-marketing-support": "1.5.4",
        "primer-support": "4.7.0"
      }
    },
    "primer-navigation": {
      "version": "1.5.9",
      "resolved": "https://registry.npmjs.org/primer-navigation/-/primer-navigation-1.5.9.tgz",
      "integrity": "sha512-eXKQH/r70lOxZ3S6AA/Qk3iO2xc53mkQdeYwi2/sRILXBlYVcweaiLLVnQVb5VZO+40t4VEFZxuLDOKw+bnGFw==",
      "requires": {
        "primer-support": "4.7.0"
      }
    },
    "primer-page-headers": {
      "version": "1.5.1",
      "resolved": "https://registry.npmjs.org/primer-page-headers/-/primer-page-headers-1.5.1.tgz",
      "integrity": "sha512-bn/9B1rapxXseLuzHDjla0iOwVPtDWhjXQb8o8vEgO8T4xAnnpL+/ci6ezmMRlrtUeWX5RtEWK6jAMRSnJyzNg==",
      "requires": {
        "primer-marketing-support": "1.5.4",
        "primer-support": "4.7.0"
      }
    },
    "primer-page-sections": {
      "version": "1.5.1",
      "resolved": "https://registry.npmjs.org/primer-page-sections/-/primer-page-sections-1.5.1.tgz",
      "integrity": "sha512-17TPKytQnYRRO5qBSvqfVK1dKQ9cKmBiBR7Hjq7QWt9dAJ0GPhc4yJ7Bcd1uxPeYkGVq9/bW3y5QyagAM35dbQ==",
      "requires": {
        "primer-marketing-support": "1.5.4",
        "primer-support": "4.7.0"
      }
    },
    "primer-pagination": {
      "version": "1.0.5",
      "resolved": "https://registry.npmjs.org/primer-pagination/-/primer-pagination-1.0.5.tgz",
      "integrity": "sha512-FsoQiUdPjBmSlpIm7Sme0fbK6Sh2JJSi8y6eOkmdCZtOpMH7FHJiUgXXNu0MX20QKTCfSXZ2FWurZIVM4E9ZRQ==",
      "requires": {
        "primer-support": "4.7.0"
      }
    },
    "primer-popover": {
      "version": "0.1.6",
      "resolved": "https://registry.npmjs.org/primer-popover/-/primer-popover-0.1.6.tgz",
      "integrity": "sha512-dG8Dnl2p1AZAjy/3wvN+iFnMDzxHYxHlI+4tJyG/14WiHyBCp6H0lPL4JiThHtx8yhr3PdWAW5I0IPyx/kYUVQ==",
      "requires": {
        "primer-support": "4.7.0"
      }
    },
    "primer-product": {
      "version": "5.8.1",
      "resolved": "https://registry.npmjs.org/primer-product/-/primer-product-5.8.1.tgz",
      "integrity": "sha512-BELQ4sUK0ZknjiwgybeEarjH7uf1ruV+Nr3uxQ8lybV4yT29sDc645tlef493zKzsM4p9zCkxza/SiprRqxVOg==",
      "requires": {
        "primer-alerts": "1.5.11",
        "primer-avatars": "1.5.8",
        "primer-blankslate": "1.5.0",
        "primer-branch-name": "1.0.9",
        "primer-labels": "1.5.11",
        "primer-markdown": "3.7.11",
        "primer-popover": "0.1.6",
        "primer-progress": "0.1.1",
        "primer-subhead": "1.0.9",
        "primer-support": "4.7.0"
      }
    },
    "primer-progress": {
      "version": "0.1.1",
      "resolved": "https://registry.npmjs.org/primer-progress/-/primer-progress-0.1.1.tgz",
      "integrity": "sha512-8kfdHeznRvtqy9t0kuclXJUjFHgsQsoZrMomRqTI4GpbedLBQbKG1z764cptPpTwpfCn4R3PAhlM12/oqaTjTQ==",
      "requires": {
        "primer-support": "4.7.0"
      }
    },
    "primer-subhead": {
      "version": "1.0.9",
      "resolved": "https://registry.npmjs.org/primer-subhead/-/primer-subhead-1.0.9.tgz",
      "integrity": "sha512-JD2/QQ25QHp5AqK37WJwzDvvHYmXxhRcPAGpP511VZwqYvs/qZoou73u4598li6hc/n+Mph0cjouNf6WVGqITQ==",
      "requires": {
        "primer-support": "4.7.0"
      }
    },
    "primer-support": {
      "version": "4.7.0",
      "resolved": "https://registry.npmjs.org/primer-support/-/primer-support-4.7.0.tgz",
      "integrity": "sha512-vMUPjCGKVPgrRNGqZx2ULBHmg/r3TzsYqYG53qfVj34C5U0Vx+Mnq/upb0VOQNqeqvSOIgjjKyOzQfhyLyA/oQ=="
    },
    "primer-table-object": {
      "version": "1.4.11",
      "resolved": "https://registry.npmjs.org/primer-table-object/-/primer-table-object-1.4.11.tgz",
      "integrity": "sha512-rIfiZWICRppXPUST4i9kFeLvCRVdl/Qx4DLysQQf4cT/Bd9eVhaMCc4aWCdJCR6fd5vZgXiUg1xj26CiTW+lMw==",
      "requires": {
        "primer-support": "4.7.0"
      }
    },
    "primer-tables": {
      "version": "1.5.1",
      "resolved": "https://registry.npmjs.org/primer-tables/-/primer-tables-1.5.1.tgz",
      "integrity": "sha512-7RDVg6n6PaUmqoojWZSCgAT3wm5fleV6MbX3ekrtJpSTDzwIDN96yz5csVPwdX0MXyjE7cB9AA5o9A86obmbug==",
      "requires": {
        "primer-marketing-support": "1.5.4",
        "primer-support": "4.7.0"
      }
    },
    "primer-tooltips": {
      "version": "1.5.9",
      "resolved": "https://registry.npmjs.org/primer-tooltips/-/primer-tooltips-1.5.9.tgz",
      "integrity": "sha512-fy+s5VXW81nWiOQlJdKUoqOgH6a/cbpmr02jNo6hClos3/PJrThI2v2uWZzCea9OtBNID4efHasfMbrObOCZpg==",
      "requires": {
        "primer-support": "4.7.0"
      }
    },
    "primer-truncate": {
      "version": "1.4.11",
      "resolved": "https://registry.npmjs.org/primer-truncate/-/primer-truncate-1.4.11.tgz",
      "integrity": "sha512-qKM0Gajatot/Xo1mDcX7C2INHOOLLW7hECX0wMbMbwp/5wOqCvM8cRFg2oHNaZxpRTXM+j29sQuAOB0249pIRA==",
      "requires": {
        "primer-support": "4.7.0"
      }
    },
    "primer-utilities": {
      "version": "4.14.1",
      "resolved": "https://registry.npmjs.org/primer-utilities/-/primer-utilities-4.14.1.tgz",
      "integrity": "sha512-fts5+Ml6x9PcOoapUGVPeIH/ENYg4pITeR9EKLCEPYyPlNEBq4RWMPM6wSyUE2VhLqe92/xu7kLsLSo417VERQ==",
      "requires": {
        "primer-support": "4.7.0"
      }
    }
  }
}
