{
  "requires": true,
  "lockfileVersion": 1,
  "dependencies": {
    "@primer/css": {
      "version": "12.7.0",
      "resolved": "https://registry.npmjs.org/@primer/css/-/css-12.7.0.tgz",
      "integrity": "sha512-EVqfwX1jxKWQoV9IxxCJQG7HlyKefdkYTJdnDV43Rr1cyidUTkQN9W0uMuN+RD9cmAzip/40b2E+7gsvsFDmBA==",
      "requires": {
        "@primer/octicons": "^9.1.1"
      }
    },
    "@primer/octicons": {
      "version": "9.3.1",
      "resolved": "https://registry.npmjs.org/@primer/octicons/-/octicons-9.3.1.tgz",
      "integrity": "sha512-E0Knv/hUfwpfJOVh7cPXXJf6gfNiIMBtMbhnqjkWHnpT/+bPJk4Q3l/YG6sCWELZ05KYpHBunpHNOlTyw3mbwg==",
      "requires": {
        "object-assign": "^4.1.1"
      }
    },
    "object-assign": {
      "version": "4.1.1",
      "resolved": "https://registry.npmjs.org/object-assign/-/object-assign-4.1.1.tgz",
      "integrity": "sha1-IQmtx5ZYh8/AXLvUQsrIv7s2CGM="
    },
    "octicons": {
      "version": "7.4.0",
      "resolved": "https://registry.npmjs.org/octicons/-/octicons-7.4.0.tgz",
      "integrity": "sha512-j53BDX+FpJ4DQwENARbk9hHkwG/Oaq5NPUMNzYdGxRA/R5M6BbPVQEakUVMNKLzvzPue/gEEUTtSj6utFse5QQ==",
      "requires": {
        "object-assign": "^4.1.1"
      }
    }
  }
}
