github.com/cli/go-gh/v2 v2.13.0 h1:jEHZu/VPVoIJkciK3pzZd3rbT8J90swsK5Ui4ewH1ys=
github.com/cli/go-gh/v2 v2.13.0/go.mod h1:Us/NbQ8VNM0fdaILgoXSz6PKkV5PWaEzkJdc9vR2geM=
golang.org/x/text v0.37.0 h1:Cqjiwd9eSg8e0QAkyCaQTNHFIIzWtidPahFWR83rTrc=
golang.org/x/text v0.37.0/go.mod h1:a5sjxXGs9hsn/AJVwuElvCAo9v8QYLzvavO5z2PiM38=
